{
  "nodes": {
    "flake-utils": {
      "locked": {
        "lastModified": 1678901627,
        "narHash": "sha256-U02riOqrKKzwjsxc/400XnElV+UtPUQWpANPlyazjH0=",
        "owner": "numtide",
        "repo": "flake-utils",
        "rev": "93a2b84fc4b70d9e089d029deacc3583435c2ed6",
        "type": "github"
      },
      "original": {
        "owner": "numtide",
        "repo": "flake-utils",
        "type": "github"
      }
    },
    "nixpkgs": {
      "locked": {
        "lastModified": 1681272286,
        "narHash": "sha256-9X5p+gwYrowgbsRgkf14HFI0fkr6UikuwRIQAMlF1yI=",
        "owner": "NixOS",
        "repo": "nixpkgs",
        "rev": "6b70761ea8c896aff8994eb367d9526686501860",
        "type": "github"
      },
      "original": {
        "owner": "NixOS",
        "ref": "master",
        "repo": "nixpkgs",
        "type": "github"
      }
    },
    "nixpkgs-prisma": {
      "locked": {
        "lastModified": 1685805757,
        "narHash": "sha256-+9ZdR3QEn486uNt2EZSIvLLQs4lCNbs+AbGdIvWj9CE=",
        "owner": "thenbe",
        "repo": "nixpkgs",
        "rev": "c06ec6e8ff9570d9132e587a856f47e49865691a",
        "type": "github"
      },
      "original": {
        "owner": "thenbe",
        "ref": "prisma-4.15.0",
        "repo": "nixpkgs",
        "type": "github"
      }
    },
    "nixpkgs-turbo": {
      "locked": {
        "lastModified": 1682820793,
        "narHash": "sha256-/BARhWJaYD3DPLUTLx1XWJuZBXKB3+lk7Nn7DeIpOVc=",
        "owner": "thenbe",
        "repo": "nixpkgs",
        "rev": "f39db3ed212057c15a13a365df17863e2eb07646",
        "type": "github"
      },
      "original": {
        "owner": "thenbe",
        "ref": "turbo-1.9.3",
        "repo": "nixpkgs",
        "type": "github"
      }
    },
    "root": {
      "inputs": {
        "flake-utils": "flake-utils",
        "nixpkgs": "nixpkgs",
        "nixpkgs-prisma": "nixpkgs-prisma",
        "nixpkgs-turbo": "nixpkgs-turbo"
      }
    }
  },
  "root": "root",
  "version": 7
}
